
Microsoft Visual Studio Solution File, Format Version 12.00
# Visual Studio Version 17
VisualStudioVersion = 17.8.34322.80
MinimumVisualStudioVersion = 10.0.40219.1
Project("{FAE04EC0-301F-11D3-BF4B-00C04F79EFBC}") = "calculator6kaba", "calculator6kaba\calculator6kaba.csproj", "{2B4AC1FC-2100-4612-B24A-27222BFD1CEC}"
EndProject
Global
	GlobalSection(SolutionConfigurationPlatforms) = preSolution
		Debug|Any CPU = Debug|Any CPU
		Release|Any CPU = Release|Any CPU
	EndGlobalSection
	GlobalSection(ProjectConfigurationPlatforms) = postSolution
		{2B4AC1FC-2100-4612-B24A-27222BFD1CEC}.Debug|Any CPU.ActiveCfg = Debug|Any CPU
		{2B4AC1FC-2100-4612-B24A-27222BFD1CEC}.Debug|Any CPU.Build.0 = Debug|Any CPU
		{2B4AC1FC-2100-4612-B24A-27222BFD1CEC}.Release|Any CPU.ActiveCfg = Release|Any CPU
		{2B4AC1FC-2100-4612-B24A-27222BFD1CEC}.Release|Any CPU.Build.0 = Release|Any CPU
	EndGlobalSection
	GlobalSection(SolutionProperties) = preSolution
		HideSolutionNode = FALSE
	EndGlobalSection
	GlobalSection(ExtensibilityGlobals) = postSolution
		SolutionGuid = {B198E1BA-E825-4783-A4D8-4EBBEA27EE28}
	EndGlobalSection
EndGlobal
